
Microsoft Visual Studio Solution File, Format Version 12.00
# Visual Studio 16
Project("{FAE04EC0-301F-11D3-BF4B-00C04F79EFBC}") = "Assembly-CSharp", "Assembly-CSharp.csproj", "{0F6FE73A-A970-7A0E-F234-FEA8386A3A67}"
EndProject
Project("{FAE04EC0-301F-11D3-BF4B-00C04F79EFBC}") = "jp.keijiro.osc-jack.Editor", "jp.keijiro.osc-jack.Editor.csproj", "{2ED19947-6E4B-B070-A3DF-EAA4146D8399}"
EndProject
Project("{FAE04EC0-301F-11D3-BF4B-00C04F79EFBC}") = "jp.keijiro.osc-jack.Runtime", "jp.keijiro.osc-jack.Runtime.csproj", "{CCF28FE4-23F6-6667-DCD1-A01A7B244962}"
EndProject
Global
	GlobalSection(SolutionConfigurationPlatforms) = preSolution
		Debug|Any CPU = Debug|Any CPU
		Release|Any CPU = Release|Any CPU
	EndGlobalSection
	GlobalSection(ProjectConfigurationPlatforms) = postSolution
		{0F6FE73A-A970-7A0E-F234-FEA8386A3A67}.Debug|Any CPU.ActiveCfg = Debug|Any CPU
		{0F6FE73A-A970-7A0E-F234-FEA8386A3A67}.Debug|Any CPU.Build.0 = Debug|Any CPU
		{0F6FE73A-A970-7A0E-F234-FEA8386A3A67}.Release|Any CPU.ActiveCfg = Release|Any CPU
		{0F6FE73A-A970-7A0E-F234-FEA8386A3A67}.Release|Any CPU.Build.0 = Release|Any CPU
		{2ED19947-6E4B-B070-A3DF-EAA4146D8399}.Debug|Any CPU.ActiveCfg = Debug|Any CPU
		{2ED19947-6E4B-B070-A3DF-EAA4146D8399}.Debug|Any CPU.Build.0 = Debug|Any CPU
		{2ED19947-6E4B-B070-A3DF-EAA4146D8399}.Release|Any CPU.ActiveCfg = Release|Any CPU
		{2ED19947-6E4B-B070-A3DF-EAA4146D8399}.Release|Any CPU.Build.0 = Release|Any CPU
		{CCF28FE4-23F6-6667-DCD1-A01A7B244962}.Debug|Any CPU.ActiveCfg = Debug|Any CPU
		{CCF28FE4-23F6-6667-DCD1-A01A7B244962}.Debug|Any CPU.Build.0 = Debug|Any CPU
		{CCF28FE4-23F6-6667-DCD1-A01A7B244962}.Release|Any CPU.ActiveCfg = Release|Any CPU
		{CCF28FE4-23F6-6667-DCD1-A01A7B244962}.Release|Any CPU.Build.0 = Release|Any CPU
	EndGlobalSection
	GlobalSection(SolutionProperties) = preSolution
		HideSolutionNode = FALSE
	EndGlobalSection
EndGlobal
